
Microsoft Visual Studio Solution File, Format Version 12.00
# Visual Studio Version 16
VisualStudioVersion = 16.0.31321.278
MinimumVisualStudioVersion = 10.0.40219.1
Project("{FAE04EC0-301F-11D3-BF4B-00C04F79EFBC}") = "projBlazorUm", "projBlazorUm.csproj", "{692E4FAC-1D0C-4135-8524-F040DA7D754C}"
EndProject
Global
	GlobalSection(SolutionConfigurationPlatforms) = preSolution
		Debug|Any CPU = Debug|Any CPU
		Release|Any CPU = Release|Any CPU
	EndGlobalSection
	GlobalSection(ProjectConfigurationPlatforms) = postSolution
		{692E4FAC-1D0C-4135-8524-F040DA7D754C}.Debug|Any CPU.ActiveCfg = Debug|Any CPU
		{692E4FAC-1D0C-4135-8524-F040DA7D754C}.Debug|Any CPU.Build.0 = Debug|Any CPU
		{692E4FAC-1D0C-4135-8524-F040DA7D754C}.Release|Any CPU.ActiveCfg = Release|Any CPU
		{692E4FAC-1D0C-4135-8524-F040DA7D754C}.Release|Any CPU.Build.0 = Release|Any CPU
	EndGlobalSection
	GlobalSection(SolutionProperties) = preSolution
		HideSolutionNode = FALSE
	EndGlobalSection
	GlobalSection(ExtensibilityGlobals) = postSolution
		SolutionGuid = {8B21E3AA-486A-4C50-B116-AFC5C64D104B}
	EndGlobalSection
EndGlobal
